
Microsoft Visual Studio Solution File, Format Version 12.00
# Visual Studio Version 16
VisualStudioVersion = 16.0.29905.134
MinimumVisualStudioVersion = 10.0.40219.1
Project("{FAE04EC0-301F-11D3-BF4B-00C04F79EFBC}") = "CabInvoiceGenerator", "CabInvoiceGenerator.csproj", "{95534CB8-9E17-4E7A-ACF6-BBAB418899A2}"
EndProject
Global
	GlobalSection(SolutionConfigurationPlatforms) = preSolution
		Debug|Any CPU = Debug|Any CPU
		Release|Any CPU = Release|Any CPU
	EndGlobalSection
	GlobalSection(ProjectConfigurationPlatforms) = postSolution
		{95534CB8-9E17-4E7A-ACF6-BBAB418899A2}.Debug|Any CPU.ActiveCfg = Debug|Any CPU
		{95534CB8-9E17-4E7A-ACF6-BBAB418899A2}.Debug|Any CPU.Build.0 = Debug|Any CPU
		{95534CB8-9E17-4E7A-ACF6-BBAB418899A2}.Release|Any CPU.ActiveCfg = Release|Any CPU
		{95534CB8-9E17-4E7A-ACF6-BBAB418899A2}.Release|Any CPU.Build.0 = Release|Any CPU
	EndGlobalSection
	GlobalSection(SolutionProperties) = preSolution
		HideSolutionNode = FALSE
	EndGlobalSection
	GlobalSection(ExtensibilityGlobals) = postSolution
		SolutionGuid = {0185E1DF-508C-4426-9BCA-9AC1D1338C32}
	EndGlobalSection
EndGlobal
